
Microsoft Visual Studio Solution File, Format Version 12.00
# Visual Studio Version 17
VisualStudioVersion = 17.8.34322.80
MinimumVisualStudioVersion = 10.0.40219.1
Project("{FAE04EC0-301F-11D3-BF4B-00C04F79EFBC}") = "UICalculator", "UICalculator\UICalculator.csproj", "{92C0F3C7-82EC-4AC8-90A1-9D902533CFA3}"
EndProject
Global
	GlobalSection(SolutionConfigurationPlatforms) = preSolution
		Debug|Any CPU = Debug|Any CPU
		Release|Any CPU = Release|Any CPU
	EndGlobalSection
	GlobalSection(ProjectConfigurationPlatforms) = postSolution
		{92C0F3C7-82EC-4AC8-90A1-9D902533CFA3}.Debug|Any CPU.ActiveCfg = Debug|Any CPU
		{92C0F3C7-82EC-4AC8-90A1-9D902533CFA3}.Debug|Any CPU.Build.0 = Debug|Any CPU
		{92C0F3C7-82EC-4AC8-90A1-9D902533CFA3}.Release|Any CPU.ActiveCfg = Release|Any CPU
		{92C0F3C7-82EC-4AC8-90A1-9D902533CFA3}.Release|Any CPU.Build.0 = Release|Any CPU
	EndGlobalSection
	GlobalSection(SolutionProperties) = preSolution
		HideSolutionNode = FALSE
	EndGlobalSection
	GlobalSection(ExtensibilityGlobals) = postSolution
		SolutionGuid = {5F6C6691-E0DE-4410-9948-C318C4C8AEA4}
	EndGlobalSection
EndGlobal
